// !$*UTF8*$!
{
	archiveVersion = 1;
	classes = {
	};
	objectVersion = 46;
	objects = {

/* Begin PBXBuildFile section */
		9DA33E2A7D5A9A4A0375473F /* Pods___TV.framework in Frameworks */ = {isa = PBXBuildFile; fileRef = 9962DE35AB5F4337A3066EA9 /* Pods___TV.framework */; };
		D60F1FBE1E3F82940084CA86 /* MainController.swift in Sources */ = {isa = PBXBuildFile; fileRef = D60F1FBD1E3F82940084CA86 /* MainController.swift */; };
		D60F1FC01E3F9CBE0084CA86 /* Common.swift in Sources */ = {isa = PBXBuildFile; fileRef = D60F1FBF1E3F9CBE0084CA86 /* Common.swift */; };
		D60F1FC21E3F9E4A0084CA86 /* PageTitleView.swift in Sources */ = {isa = PBXBuildFile; fileRef = D60F1FC11E3F9E4A0084CA86 /* PageTitleView.swift */; };
		D611A3231E3DFE42000CE916 /* tou.jpg in Resources */ = {isa = PBXBuildFile; fileRef = D611A2ED1E3DFE42000CE916 /* tou.jpg */; };
		D611A3241E3DFE42000CE916 /* tou.jpg in Resources */ = {isa = PBXBuildFile; fileRef = D611A2EF1E3DFE42000CE916 /* tou.jpg */; };
		D611A3251E3DFE42000CE916 /* tou.jpg in Resources */ = {isa = PBXBuildFile; fileRef = D611A2F11E3DFE42000CE916 /* tou.jpg */; };
		D611A3261E3DFE42000CE916 /* tou.jpg in Resources */ = {isa = PBXBuildFile; fileRef = D611A2F31E3DFE42000CE916 /* tou.jpg */; };
		D611A3271E3DFE42000CE916 /* tou.jpg in Resources */ = {isa = PBXBuildFile; fileRef = D611A2F61E3DFE42000CE916 /* tou.jpg */; };
		D611A3281E3DFE42000CE916 /* tou.jpg in Resources */ = {isa = PBXBuildFile; fileRef = D611A2F81E3DFE42000CE916 /* tou.jpg */; };
		D611A3291E3DFE42000CE916 /* tou.jpg in Resources */ = {isa = PBXBuildFile; fileRef = D611A2FA1E3DFE42000CE916 /* tou.jpg */; };
		D611A32A1E3DFE42000CE916 /* tou.jpg in Resources */ = {isa = PBXBuildFile; fileRef = D611A2FC1E3DFE42000CE916 /* tou.jpg */; };
		D611A32B1E3DFE42000CE916 /* tou.jpg in Resources */ = {isa = PBXBuildFile; fileRef = D611A2FF1E3DFE42000CE916 /* tou.jpg */; };
		D611A32C1E3DFE42000CE916 /* tou.jpg in Resources */ = {isa = PBXBuildFile; fileRef = D611A3011E3DFE42000CE916 /* tou.jpg */; };
		D611A32D1E3DFE42000CE916 /* tou.jpg in Resources */ = {isa = PBXBuildFile; fileRef = D611A3031E3DFE42000CE916 /* tou.jpg */; };
		D611A32E1E3DFE42000CE916 /* tou.jpg in Resources */ = {isa = PBXBuildFile; fileRef = D611A3051E3DFE42000CE916 /* tou.jpg */; };
		D611A32F1E3DFE42000CE916 /* tou.jpg in Resources */ = {isa = PBXBuildFile; fileRef = D611A3081E3DFE42000CE916 /* tou.jpg */; };
		D611A3301E3DFE42000CE916 /* tou.jpg in Resources */ = {isa = PBXBuildFile; fileRef = D611A30A1E3DFE42000CE916 /* tou.jpg */; };
		D611A3311E3DFE42000CE916 /* tou.jpg in Resources */ = {isa = PBXBuildFile; fileRef = D611A30C1E3DFE42000CE916 /* tou.jpg */; };
		D611A3321E3DFE42000CE916 /* tou.jpg in Resources */ = {isa = PBXBuildFile; fileRef = D611A30E1E3DFE42000CE916 /* tou.jpg */; };
		D611A3331E3DFE42000CE916 /* tou.jpg in Resources */ = {isa = PBXBuildFile; fileRef = D611A3111E3DFE42000CE916 /* tou.jpg */; };
		D611A3341E3DFE42000CE916 /* tou.jpg in Resources */ = {isa = PBXBuildFile; fileRef = D611A3131E3DFE42000CE916 /* tou.jpg */; };
		D611A3351E3DFE42000CE916 /* tou.jpg in Resources */ = {isa = PBXBuildFile; fileRef = D611A3151E3DFE42000CE916 /* tou.jpg */; };
		D611A3361E3DFE42000CE916 /* tou.jpg in Resources */ = {isa = PBXBuildFile; fileRef = D611A3171E3DFE42000CE916 /* tou.jpg */; };
		D611A3371E3DFE42000CE916 /* tou.jpg in Resources */ = {isa = PBXBuildFile; fileRef = D611A31A1E3DFE42000CE916 /* tou.jpg */; };
		D611A3381E3DFE42000CE916 /* tou.jpg in Resources */ = {isa = PBXBuildFile; fileRef = D611A31C1E3DFE42000CE916 /* tou.jpg */; };
		D611A3391E3DFE42000CE916 /* tou.jpg in Resources */ = {isa = PBXBuildFile; fileRef = D611A31E1E3DFE42000CE916 /* tou.jpg */; };
		D611A33A1E3DFE42000CE916 /* tou.jpg in Resources */ = {isa = PBXBuildFile; fileRef = D611A3201E3DFE42000CE916 /* tou.jpg */; };
		D611A33B1E3DFE42000CE916 /* tou.jpg in Resources */ = {isa = PBXBuildFile; fileRef = D611A3221E3DFE42000CE916 /* tou.jpg */; };
		D611A33E1E3E025B000CE916 /* Home.storyboard in Resources */ = {isa = PBXBuildFile; fileRef = D611A33C1E3E025B000CE916 /* Home.storyboard */; };
		D611A3411E3E0292000CE916 /* Live.storyboard in Resources */ = {isa = PBXBuildFile; fileRef = D611A33F1E3E0292000CE916 /* Live.storyboard */; };
		D611A3441E3E02D9000CE916 /* Follow.storyboard in Resources */ = {isa = PBXBuildFile; fileRef = D611A3421E3E02D9000CE916 /* Follow.storyboard */; };
		D611A3471E3E0317000CE916 /* Profile.storyboard in Resources */ = {isa = PBXBuildFile; fileRef = D611A3451E3E0317000CE916 /* Profile.storyboard */; };
		D611A3501E3E16D4000CE916 /* NSDate-Extension.swift in Sources */ = {isa = PBXBuildFile; fileRef = D611A34D1E3E16D4000CE916 /* NSDate-Extension.swift */; };
		D611A3511E3E16D4000CE916 /* UIBarButtonItem-Extension.swift in Sources */ = {isa = PBXBuildFile; fileRef = D611A34E1E3E16D4000CE916 /* UIBarButtonItem-Extension.swift */; };
		D611A3521E3E16D4000CE916 /* UIColor-Extension.swift in Sources */ = {isa = PBXBuildFile; fileRef = D611A34F1E3E16D4000CE916 /* UIColor-Extension.swift */; };
		D611A3541E3E18C0000CE916 /* HomeVC.swift in Sources */ = {isa = PBXBuildFile; fileRef = D611A3531E3E18C0000CE916 /* HomeVC.swift */; };
		D666DF941E3AC4120035DBFD /* AppDelegate.swift in Sources */ = {isa = PBXBuildFile; fileRef = D666DF931E3AC4120035DBFD /* AppDelegate.swift */; };
		D666DF961E3AC4120035DBFD /* ViewController.swift in Sources */ = {isa = PBXBuildFile; fileRef = D666DF951E3AC4120035DBFD /* ViewController.swift */; };
		D666DF991E3AC4120035DBFD /* Main.storyboard in Resources */ = {isa = PBXBuildFile; fileRef = D666DF971E3AC4120035DBFD /* Main.storyboard */; };
		D666DF9B1E3AC4120035DBFD /* Assets.xcassets in Resources */ = {isa = PBXBuildFile; fileRef = D666DF9A1E3AC4120035DBFD /* Assets.xcassets */; };
		D666DF9E1E3AC4120035DBFD /* LaunchScreen.storyboard in Resources */ = {isa = PBXBuildFile; fileRef = D666DF9C1E3AC4120035DBFD /* LaunchScreen.storyboard */; };
		D666DFA91E3AC4120035DBFD /* __TVTests.swift in Sources */ = {isa = PBXBuildFile; fileRef = D666DFA81E3AC4120035DBFD /* __TVTests.swift */; };
		D666DFB41E3AC4120035DBFD /* __TVUITests.swift in Sources */ = {isa = PBXBuildFile; fileRef = D666DFB31E3AC4120035DBFD /* __TVUITests.swift */; };
/* End PBXBuildFile section */

/* Begin PBXContainerItemProxy section */
		D666DFA51E3AC4120035DBFD /* PBXContainerItemProxy */ = {
			isa = PBXContainerItemProxy;
			containerPortal = D666DF881E3AC4120035DBFD /* Project object */;
			proxyType = 1;
			remoteGlobalIDString = D666DF8F1E3AC4120035DBFD;
			remoteInfo = "斗鱼TV";
		};
		D666DFB01E3AC4120035DBFD /* PBXContainerItemProxy */ = {
			isa = PBXContainerItemProxy;
			containerPortal = D666DF881E3AC4120035DBFD /* Project object */;
			proxyType = 1;
			remoteGlobalIDString = D666DF8F1E3AC4120035DBFD;
			remoteInfo = "斗鱼TV";
		};
/* End PBXContainerItemProxy section */

/* Begin PBXFileReference section */
		72BEC5094B465522DB540C87 /* Pods-斗鱼TV.release.xcconfig */ = {isa = PBXFileReference; includeInIndex = 1; lastKnownFileType = text.xcconfig; name = "Pods-斗鱼TV.release.xcconfig"; path = "Pods/Target Support Files/Pods-斗鱼TV/Pods-斗鱼TV.release.xcconfig"; sourceTree = "<group>"; };
		7903866D02B8D3974513C8E8 /* Pods-斗鱼TV.debug.xcconfig */ = {isa = PBXFileReference; includeInIndex = 1; lastKnownFileType = text.xcconfig; name = "Pods-斗鱼TV.debug.xcconfig"; path = "Pods/Target Support Files/Pods-斗鱼TV/Pods-斗鱼TV.debug.xcconfig"; sourceTree = "<group>"; };
		9962DE35AB5F4337A3066EA9 /* Pods___TV.framework */ = {isa = PBXFileReference; explicitFileType = wrapper.framework; includeInIndex = 0; path = "Pods___TV.framework"; sourceTree = BUILT_PRODUCTS_DIR; };
		D60F1FBD1E3F82940084CA86 /* MainController.swift */ = {isa = PBXFileReference; fileEncoding = 4; lastKnownFileType = sourcecode.swift; path = MainController.swift; sourceTree = "<group>"; };
		D60F1FBF1E3F9CBE0084CA86 /* Common.swift */ = {isa = PBXFileReference; fileEncoding = 4; lastKnownFileType = sourcecode.swift; path = Common.swift; sourceTree = "<group>"; };
		D60F1FC11E3F9E4A0084CA86 /* PageTitleView.swift */ = {isa = PBXFileReference; fileEncoding = 4; lastKnownFileType = sourcecode.swift; path = PageTitleView.swift; sourceTree = "<group>"; };
		D611A2ED1E3DFE42000CE916 /* tou.jpg */ = {isa = PBXFileReference; lastKnownFileType = image.jpeg; path = tou.jpg; sourceTree = "<group>"; };
		D611A2EF1E3DFE42000CE916 /* tou.jpg */ = {isa = PBXFileReference; lastKnownFileType = image.jpeg; path = tou.jpg; sourceTree = "<group>"; };
		D611A2F11E3DFE42000CE916 /* tou.jpg */ = {isa = PBXFileReference; lastKnownFileType = image.jpeg; path = tou.jpg; sourceTree = "<group>"; };
		D611A2F31E3DFE42000CE916 /* tou.jpg */ = {isa = PBXFileReference; lastKnownFileType = image.jpeg; path = tou.jpg; sourceTree = "<group>"; };
		D611A2F61E3DFE42000CE916 /* tou.jpg */ = {isa = PBXFileReference; lastKnownFileType = image.jpeg; path = tou.jpg; sourceTree = "<group>"; };
		D611A2F81E3DFE42000CE916 /* tou.jpg */ = {isa = PBXFileReference; lastKnownFileType = image.jpeg; path = tou.jpg; sourceTree = "<group>"; };
		D611A2FA1E3DFE42000CE916 /* tou.jpg */ = {isa = PBXFileReference; lastKnownFileType = image.jpeg; path = tou.jpg; sourceTree = "<group>"; };
		D611A2FC1E3DFE42000CE916 /* tou.jpg */ = {isa = PBXFileReference; lastKnownFileType = image.jpeg; path = tou.jpg; sourceTree = "<group>"; };
		D611A2FF1E3DFE42000CE916 /* tou.jpg */ = {isa = PBXFileReference; lastKnownFileType = image.jpeg; path = tou.jpg; sourceTree = "<group>"; };
		D611A3011E3DFE42000CE916 /* tou.jpg */ = {isa = PBXFileReference; lastKnownFileType = image.jpeg; path = tou.jpg; sourceTree = "<group>"; };
		D611A3031E3DFE42000CE916 /* tou.jpg */ = {isa = PBXFileReference; lastKnownFileType = image.jpeg; path = tou.jpg; sourceTree = "<group>"; };
		D611A3051E3DFE42000CE916 /* tou.jpg */ = {isa = PBXFileReference; lastKnownFileType = image.jpeg; path = tou.jpg; sourceTree = "<group>"; };
		D611A3081E3DFE42000CE916 /* tou.jpg */ = {isa = PBXFileReference; lastKnownFileType = image.jpeg; path = tou.jpg; sourceTree = "<group>"; };
		D611A30A1E3DFE42000CE916 /* tou.jpg */ = {isa = PBXFileReference; lastKnownFileType = image.jpeg; path = tou.jpg; sourceTree = "<group>"; };
		D611A30C1E3DFE42000CE916 /* tou.jpg */ = {isa = PBXFileReference; lastKnownFileType = image.jpeg; path = tou.jpg; sourceTree = "<group>"; };
		D611A30E1E3DFE42000CE916 /* tou.jpg */ = {isa = PBXFileReference; lastKnownFileType = image.jpeg; path = tou.jpg; sourceTree = "<group>"; };
		D611A3111E3DFE42000CE916 /* tou.jpg */ = {isa = PBXFileReference; lastKnownFileType = image.jpeg; path = tou.jpg; sourceTree = "<group>"; };
		D611A3131E3DFE42000CE916 /* tou.jpg */ = {isa = PBXFileReference; lastKnownFileType = image.jpeg; path = tou.jpg; sourceTree = "<group>"; };
		D611A3151E3DFE42000CE916 /* tou.jpg */ = {isa = PBXFileReference; lastKnownFileType = image.jpeg; path = tou.jpg; sourceTree = "<group>"; };
		D611A3171E3DFE42000CE916 /* tou.jpg */ = {isa = PBXFileReference; lastKnownFileType = image.jpeg; path = tou.jpg; sourceTree = "<group>"; };
		D611A31A1E3DFE42000CE916 /* tou.jpg */ = {isa = PBXFileReference; lastKnownFileType = image.jpeg; path = tou.jpg; sourceTree = "<group>"; };
		D611A31C1E3DFE42000CE916 /* tou.jpg */ = {isa = PBXFileReference; lastKnownFileType = image.jpeg; path = tou.jpg; sourceTree = "<group>"; };
		D611A31E1E3DFE42000CE916 /* tou.jpg */ = {isa = PBXFileReference; lastKnownFileType = image.jpeg; path = tou.jpg; sourceTree = "<group>"; };
		D611A3201E3DFE42000CE916 /* tou.jpg */ = {isa = PBXFileReference; lastKnownFileType = image.jpeg; path = tou.jpg; sourceTree = "<group>"; };
		D611A3221E3DFE42000CE916 /* tou.jpg */ = {isa = PBXFileReference; lastKnownFileType = image.jpeg; path = tou.jpg; sourceTree = "<group>"; };
		D611A33D1E3E025B000CE916 /* Base */ = {isa = PBXFileReference; lastKnownFileType = file.storyboard; name = Base; path = "斗鱼TV/Base.lproj/Home.storyboard"; sourceTree = SOURCE_ROOT; };
		D611A3401E3E0292000CE916 /* Base */ = {isa = PBXFileReference; lastKnownFileType = file.storyboard; name = Base; path = "斗鱼TV/Base.lproj/Live.storyboard"; sourceTree = SOURCE_ROOT; };
		D611A3431E3E02D9000CE916 /* Base */ = {isa = PBXFileReference; lastKnownFileType = file.storyboard; name = Base; path = "斗鱼TV/Base.lproj/Follow.storyboard"; sourceTree = SOURCE_ROOT; };
		D611A3461E3E0317000CE916 /* Base */ = {isa = PBXFileReference; lastKnownFileType = file.storyboard; name = Base; path = "斗鱼TV/Base.lproj/Profile.storyboard"; sourceTree = SOURCE_ROOT; };
		D611A34D1E3E16D4000CE916 /* NSDate-Extension.swift */ = {isa = PBXFileReference; fileEncoding = 4; lastKnownFileType = sourcecode.swift; path = "NSDate-Extension.swift"; sourceTree = "<group>"; };
		D611A34E1E3E16D4000CE916 /* UIBarButtonItem-Extension.swift */ = {isa = PBXFileReference; fileEncoding = 4; lastKnownFileType = sourcecode.swift; path = "UIBarButtonItem-Extension.swift"; sourceTree = "<group>"; };
		D611A34F1E3E16D4000CE916 /* UIColor-Extension.swift */ = {isa = PBXFileReference; fileEncoding = 4; lastKnownFileType = sourcecode.swift; path = "UIColor-Extension.swift"; sourceTree = "<group>"; };
		D611A3531E3E18C0000CE916 /* HomeVC.swift */ = {isa = PBXFileReference; fileEncoding = 4; lastKnownFileType = sourcecode.swift; path = HomeVC.swift; sourceTree = "<group>"; };
		D666DF901E3AC4120035DBFD /* 斗鱼TV.app */ = {isa = PBXFileReference; explicitFileType = wrapper.application; includeInIndex = 0; path = "斗鱼TV.app"; sourceTree = BUILT_PRODUCTS_DIR; };
		D666DF931E3AC4120035DBFD /* AppDelegate.swift */ = {isa = PBXFileReference; lastKnownFileType = sourcecode.swift; path = AppDelegate.swift; sourceTree = "<group>"; };
		D666DF951E3AC4120035DBFD /* ViewController.swift */ = {isa = PBXFileReference; lastKnownFileType = sourcecode.swift; path = ViewController.swift; sourceTree = "<group>"; };
		D666DF981E3AC4120035DBFD /* Base */ = {isa = PBXFileReference; lastKnownFileType = file.storyboard; name = Base; path = Base.lproj/Main.storyboard; sourceTree = "<group>"; };
		D666DF9A1E3AC4120035DBFD /* Assets.xcassets */ = {isa = PBXFileReference; lastKnownFileType = folder.assetcatalog; path = Assets.xcassets; sourceTree = "<group>"; };
		D666DF9D1E3AC4120035DBFD /* Base */ = {isa = PBXFileReference; lastKnownFileType = file.storyboard; name = Base; path = Base.lproj/LaunchScreen.storyboard; sourceTree = "<group>"; };
		D666DF9F1E3AC4120035DBFD /* Info.plist */ = {isa = PBXFileReference; lastKnownFileType = text.plist.xml; path = Info.plist; sourceTree = "<group>"; };
		D666DFA41E3AC4120035DBFD /* 斗鱼TVTests.xctest */ = {isa = PBXFileReference; explicitFileType = wrapper.cfbundle; includeInIndex = 0; path = "斗鱼TVTests.xctest"; sourceTree = BUILT_PRODUCTS_DIR; };
		D666DFA81E3AC4120035DBFD /* __TVTests.swift */ = {isa = PBXFileReference; lastKnownFileType = sourcecode.swift; path = __TVTests.swift; sourceTree = "<group>"; };
		D666DFAA1E3AC4120035DBFD /* Info.plist */ = {isa = PBXFileReference; lastKnownFileType = text.plist.xml; path = Info.plist; sourceTree = "<group>"; };
		D666DFAF1E3AC4120035DBFD /* 斗鱼TVUITests.xctest */ = {isa = PBXFileReference; explicitFileType = wrapper.cfbundle; includeInIndex = 0; path = "斗鱼TVUITests.xctest"; sourceTree = BUILT_PRODUCTS_DIR; };
		D666DFB31E3AC4120035DBFD /* __TVUITests.swift */ = {isa = PBXFileReference; lastKnownFileType = sourcecode.swift; path = __TVUITests.swift; sourceTree = "<group>"; };
		D666DFB51E3AC4120035DBFD /* Info.plist */ = {isa = PBXFileReference; lastKnownFileType = text.plist.xml; path = Info.plist; sourceTree = "<group>"; };
/* End PBXFileReference section */

/* Begin PBXFrameworksBuildPhase section */
		D666DF8D1E3AC4120035DBFD /* Frameworks */ = {
			isa = PBXFrameworksBuildPhase;
			buildActionMask = 2147483647;
			files = (
				9DA33E2A7D5A9A4A0375473F /* Pods___TV.framework in Frameworks */,
			);
			runOnlyForDeploymentPostprocessing = 0;
		};
		D666DFA11E3AC4120035DBFD /* Frameworks */ = {
			isa = PBXFrameworksBuildPhase;
			buildActionMask = 2147483647;
			files = (
			);
			runOnlyForDeploymentPostprocessing = 0;
		};
		D666DFAC1E3AC4120035DBFD /* Frameworks */ = {
			isa = PBXFrameworksBuildPhase;
			buildActionMask = 2147483647;
			files = (
			);
			runOnlyForDeploymentPostprocessing = 0;
		};
/* End PBXFrameworksBuildPhase section */

/* Begin PBXGroup section */
		2458453C161B4EFEC5290B78 /* Pods */ = {
			isa = PBXGroup;
			children = (
				7903866D02B8D3974513C8E8 /* Pods-斗鱼TV.debug.xcconfig */,
				72BEC5094B465522DB540C87 /* Pods-斗鱼TV.release.xcconfig */,
			);
			name = Pods;
			sourceTree = "<group>";
		};
		D611A2EA1E3DFE42000CE916 /* Classes */ = {
			isa = PBXGroup;
			children = (
				D611A3061E3DFE42000CE916 /* Main */,
				D611A2F41E3DFE42000CE916 /* Home */,
				D611A2FD1E3DFE42000CE916 /* Live */,
				D611A30F1E3DFE42000CE916 /* Profile */,
				D611A2EB1E3DFE42000CE916 /* Follow */,
				D611A3181E3DFE42000CE916 /* Room */,
				D611A3211E3DFE42000CE916 /* Tools */,
			);
			path = Classes;
			sourceTree = "<group>";
		};
		D611A2EB1E3DFE42000CE916 /* Follow */ = {
			isa = PBXGroup;
			children = (
				D611A3421E3E02D9000CE916 /* Follow.storyboard */,
				D611A2EC1E3DFE42000CE916 /* Controller */,
				D611A2EE1E3DFE42000CE916 /* Model */,
				D611A2F01E3DFE42000CE916 /* View */,
				D611A2F21E3DFE42000CE916 /* ViewModel */,
			);
			path = Follow;
			sourceTree = "<group>";
		};
		D611A2EC1E3DFE42000CE916 /* Controller */ = {
			isa = PBXGroup;
			children = (
				D611A2ED1E3DFE42000CE916 /* tou.jpg */,
			);
			path = Controller;
			sourceTree = "<group>";
		};
		D611A2EE1E3DFE42000CE916 /* Model */ = {
			isa = PBXGroup;
			children = (
				D611A2EF1E3DFE42000CE916 /* tou.jpg */,
			);
			path = Model;
			sourceTree = "<group>";
		};
		D611A2F01E3DFE42000CE916 /* View */ = {
			isa = PBXGroup;
			children = (
				D611A2F11E3DFE42000CE916 /* tou.jpg */,
			);
			path = View;
			sourceTree = "<group>";
		};
		D611A2F21E3DFE42000CE916 /* ViewModel */ = {
			isa = PBXGroup;
			children = (
				D611A2F31E3DFE42000CE916 /* tou.jpg */,
			);
			path = ViewModel;
			sourceTree = "<group>";
		};
		D611A2F41E3DFE42000CE916 /* Home */ = {
			isa = PBXGroup;
			children = (
				D611A2F51E3DFE42000CE916 /* Controller */,
				D611A2F71E3DFE42000CE916 /* Model */,
				D611A2F91E3DFE42000CE916 /* View */,
				D611A2FB1E3DFE42000CE916 /* ViewModel */,
			);
			path = Home;
			sourceTree = "<group>";
		};
		D611A2F51E3DFE42000CE916 /* Controller */ = {
			isa = PBXGroup;
			children = (
				D611A2F61E3DFE42000CE916 /* tou.jpg */,
				D611A33C1E3E025B000CE916 /* Home.storyboard */,
				D611A3531E3E18C0000CE916 /* HomeVC.swift */,
			);
			path = Controller;
			sourceTree = "<group>";
		};
		D611A2F71E3DFE42000CE916 /* Model */ = {
			isa = PBXGroup;
			children = (
				D611A2F81E3DFE42000CE916 /* tou.jpg */,
			);
			path = Model;
			sourceTree = "<group>";
		};
		D611A2F91E3DFE42000CE916 /* View */ = {
			isa = PBXGroup;
			children = (
				D611A2FA1E3DFE42000CE916 /* tou.jpg */,
			);
			path = View;
			sourceTree = "<group>";
		};
		D611A2FB1E3DFE42000CE916 /* ViewModel */ = {
			isa = PBXGroup;
			children = (
				D611A2FC1E3DFE42000CE916 /* tou.jpg */,
			);
			path = ViewModel;
			sourceTree = "<group>";
		};
		D611A2FD1E3DFE42000CE916 /* Live */ = {
			isa = PBXGroup;
			children = (
				D611A33F1E3E0292000CE916 /* Live.storyboard */,
				D611A2FE1E3DFE42000CE916 /* Controller */,
				D611A3001E3DFE42000CE916 /* Model */,
				D611A3021E3DFE42000CE916 /* View */,
				D611A3041E3DFE42000CE916 /* ViewModel */,
			);
			path = Live;
			sourceTree = "<group>";
		};
		D611A2FE1E3DFE42000CE916 /* Controller */ = {
			isa = PBXGroup;
			children = (
				D611A2FF1E3DFE42000CE916 /* tou.jpg */,
			);
			path = Controller;
			sourceTree = "<group>";
		};
		D611A3001E3DFE42000CE916 /* Model */ = {
			isa = PBXGroup;
			children = (
				D611A3011E3DFE42000CE916 /* tou.jpg */,
			);
			path = Model;
			sourceTree = "<group>";
		};
		D611A3021E3DFE42000CE916 /* View */ = {
			isa = PBXGroup;
			children = (
				D611A3031E3DFE42000CE916 /* tou.jpg */,
			);
			path = View;
			sourceTree = "<group>";
		};
		D611A3041E3DFE42000CE916 /* ViewModel */ = {
			isa = PBXGroup;
			children = (
				D611A3051E3DFE42000CE916 /* tou.jpg */,
			);
			path = ViewModel;
			sourceTree = "<group>";
		};
		D611A3061E3DFE42000CE916 /* Main */ = {
			isa = PBXGroup;
			children = (
				D666DF971E3AC4120035DBFD /* Main.storyboard */,
				D611A3071E3DFE42000CE916 /* Controller */,
				D611A3091E3DFE42000CE916 /* Model */,
				D611A30B1E3DFE42000CE916 /* View */,
				D611A30D1E3DFE42000CE916 /* ViewModel */,
			);
			path = Main;
			sourceTree = "<group>";
		};
		D611A3071E3DFE42000CE916 /* Controller */ = {
			isa = PBXGroup;
			children = (
				D60F1FBD1E3F82940084CA86 /* MainController.swift */,
				D611A3081E3DFE42000CE916 /* tou.jpg */,
			);
			path = Controller;
			sourceTree = "<group>";
		};
		D611A3091E3DFE42000CE916 /* Model */ = {
			isa = PBXGroup;
			children = (
				D611A30A1E3DFE42000CE916 /* tou.jpg */,
			);
			path = Model;
			sourceTree = "<group>";
		};
		D611A30B1E3DFE42000CE916 /* View */ = {
			isa = PBXGroup;
			children = (
				D611A30C1E3DFE42000CE916 /* tou.jpg */,
				D60F1FC11E3F9E4A0084CA86 /* PageTitleView.swift */,
			);
			path = View;
			sourceTree = "<group>";
		};
		D611A30D1E3DFE42000CE916 /* ViewModel */ = {
			isa = PBXGroup;
			children = (
				D611A30E1E3DFE42000CE916 /* tou.jpg */,
			);
			path = ViewModel;
			sourceTree = "<group>";
		};
		D611A30F1E3DFE42000CE916 /* Profile */ = {
			isa = PBXGroup;
			children = (
				D611A3451E3E0317000CE916 /* Profile.storyboard */,
				D611A3101E3DFE42000CE916 /* Controller */,
				D611A3121E3DFE42000CE916 /* Model */,
				D611A3141E3DFE42000CE916 /* View */,
				D611A3161E3DFE42000CE916 /* ViewModel */,
			);
			path = Profile;
			sourceTree = "<group>";
		};
		D611A3101E3DFE42000CE916 /* Controller */ = {
			isa = PBXGroup;
			children = (
				D611A3111E3DFE42000CE916 /* tou.jpg */,
			);
			path = Controller;
			sourceTree = "<group>";
		};
		D611A3121E3DFE42000CE916 /* Model */ = {
			isa = PBXGroup;
			children = (
				D611A3131E3DFE42000CE916 /* tou.jpg */,
			);
			path = Model;
			sourceTree = "<group>";
		};
		D611A3141E3DFE42000CE916 /* View */ = {
			isa = PBXGroup;
			children = (
				D611A3151E3DFE42000CE916 /* tou.jpg */,
			);
			path = View;
			sourceTree = "<group>";
		};
		D611A3161E3DFE42000CE916 /* ViewModel */ = {
			isa = PBXGroup;
			children = (
				D611A3171E3DFE42000CE916 /* tou.jpg */,
			);
			path = ViewModel;
			sourceTree = "<group>";
		};
		D611A3181E3DFE42000CE916 /* Room */ = {
			isa = PBXGroup;
			children = (
				D611A3191E3DFE42000CE916 /* Controller */,
				D611A31B1E3DFE42000CE916 /* Model */,
				D611A31D1E3DFE42000CE916 /* View */,
				D611A31F1E3DFE42000CE916 /* ViewModel */,
			);
			path = Room;
			sourceTree = "<group>";
		};
		D611A3191E3DFE42000CE916 /* Controller */ = {
			isa = PBXGroup;
			children = (
				D611A31A1E3DFE42000CE916 /* tou.jpg */,
			);
			path = Controller;
			sourceTree = "<group>";
		};
		D611A31B1E3DFE42000CE916 /* Model */ = {
			isa = PBXGroup;
			children = (
				D611A31C1E3DFE42000CE916 /* tou.jpg */,
			);
			path = Model;
			sourceTree = "<group>";
		};
		D611A31D1E3DFE42000CE916 /* View */ = {
			isa = PBXGroup;
			children = (
				D611A31E1E3DFE42000CE916 /* tou.jpg */,
			);
			path = View;
			sourceTree = "<group>";
		};
		D611A31F1E3DFE42000CE916 /* ViewModel */ = {
			isa = PBXGroup;
			children = (
				D611A3201E3DFE42000CE916 /* tou.jpg */,
			);
			path = ViewModel;
			sourceTree = "<group>";
		};
		D611A3211E3DFE42000CE916 /* Tools */ = {
			isa = PBXGroup;
			children = (
				D611A34C1E3E16D4000CE916 /* Extension */,
				D611A3221E3DFE42000CE916 /* tou.jpg */,
				D60F1FBF1E3F9CBE0084CA86 /* Common.swift */,
			);
			path = Tools;
			sourceTree = "<group>";
		};
		D611A34C1E3E16D4000CE916 /* Extension */ = {
			isa = PBXGroup;
			children = (
				D611A34D1E3E16D4000CE916 /* NSDate-Extension.swift */,
				D611A34E1E3E16D4000CE916 /* UIBarButtonItem-Extension.swift */,
				D611A34F1E3E16D4000CE916 /* UIColor-Extension.swift */,
			);
			path = Extension;
			sourceTree = "<group>";
		};
		D666DF871E3AC4120035DBFD = {
			isa = PBXGroup;
			children = (
				D666DF921E3AC4120035DBFD /* 斗鱼TV */,
				D666DFA71E3AC4120035DBFD /* 斗鱼TVTests */,
				D666DFB21E3AC4120035DBFD /* 斗鱼TVUITests */,
				D666DF911E3AC4120035DBFD /* Products */,
				2458453C161B4EFEC5290B78 /* Pods */,
				EC67F4ED385734EF75D9DF5B /* Frameworks */,
			);
			sourceTree = "<group>";
		};
		D666DF911E3AC4120035DBFD /* Products */ = {
			isa = PBXGroup;
			children = (
				D666DF901E3AC4120035DBFD /* 斗鱼TV.app */,
				D666DFA41E3AC4120035DBFD /* 斗鱼TVTests.xctest */,
				D666DFAF1E3AC4120035DBFD /* 斗鱼TVUITests.xctest */,
			);
			name = Products;
			sourceTree = "<group>";
		};
		D666DF921E3AC4120035DBFD /* 斗鱼TV */ = {
			isa = PBXGroup;
			children = (
				D611A2EA1E3DFE42000CE916 /* Classes */,
				D666DF931E3AC4120035DBFD /* AppDelegate.swift */,
				D666DF951E3AC4120035DBFD /* ViewController.swift */,
				D666DF9A1E3AC4120035DBFD /* Assets.xcassets */,
				D666DF9C1E3AC4120035DBFD /* LaunchScreen.storyboard */,
				D666DF9F1E3AC4120035DBFD /* Info.plist */,
			);
			path = "斗鱼TV";
			sourceTree = "<group>";
		};
		D666DFA71E3AC4120035DBFD /* 斗鱼TVTests */ = {
			isa = PBXGroup;
			children = (
				D666DFA81E3AC4120035DBFD /* __TVTests.swift */,
				D666DFAA1E3AC4120035DBFD /* Info.plist */,
			);
			path = "斗鱼TVTests";
			sourceTree = "<group>";
		};
		D666DFB21E3AC4120035DBFD /* 斗鱼TVUITests */ = {
			isa = PBXGroup;
			children = (
				D666DFB31E3AC4120035DBFD /* __TVUITests.swift */,
				D666DFB51E3AC4120035DBFD /* Info.plist */,
			);
			path = "斗鱼TVUITests";
			sourceTree = "<group>";
		};
		EC67F4ED385734EF75D9DF5B /* Frameworks */ = {
			isa = PBXGroup;
			children = (
				9962DE35AB5F4337A3066EA9 /* Pods___TV.framework */,
			);
			name = Frameworks;
			sourceTree = "<group>";
		};
/* End PBXGroup section */

/* Begin PBXNativeTarget section */
		D666DF8F1E3AC4120035DBFD /* 斗鱼TV */ = {
			isa = PBXNativeTarget;
			buildConfigurationList = D666DFB81E3AC4120035DBFD /* Build configuration list for PBXNativeTarget "斗鱼TV" */;
			buildPhases = (
				7B79DE6703E051EBF24D3681 /* [CP] Check Pods Manifest.lock */,
				D666DF8C1E3AC4120035DBFD /* Sources */,
				D666DF8D1E3AC4120035DBFD /* Frameworks */,
				D666DF8E1E3AC4120035DBFD /* Resources */,
				0CB9D9846B132E44B71BDCEA /* [CP] Embed Pods Frameworks */,
				FA02EBCC22F8162FD92D6CEB /* [CP] Copy Pods Resources */,
			);
			buildRules = (
			);
			dependencies = (
			);
			name = "斗鱼TV";
			productName = "斗鱼TV";
			productReference = D666DF901E3AC4120035DBFD /* 斗鱼TV.app */;
			productType = "com.apple.product-type.application";
		};
		D666DFA31E3AC4120035DBFD /* 斗鱼TVTests */ = {
			isa = PBXNativeTarget;
			buildConfigurationList = D666DFBB1E3AC4120035DBFD /* Build configuration list for PBXNativeTarget "斗鱼TVTests" */;
			buildPhases = (
				D666DFA01E3AC4120035DBFD /* Sources */,
				D666DFA11E3AC4120035DBFD /* Frameworks */,
				D666DFA21E3AC4120035DBFD /* Resources */,
			);
			buildRules = (
			);
			dependencies = (
				D666DFA61E3AC4120035DBFD /* PBXTargetDependency */,
			);
			name = "斗鱼TVTests";
			productName = "斗鱼TVTests";
			productReference = D666DFA41E3AC4120035DBFD /* 斗鱼TVTests.xctest */;
			productType = "com.apple.product-type.bundle.unit-test";
		};
		D666DFAE1E3AC4120035DBFD /* 斗鱼TVUITests */ = {
			isa = PBXNativeTarget;
			buildConfigurationList = D666DFBE1E3AC4120035DBFD /* Build configuration list for PBXNativeTarget "斗鱼TVUITests" */;
			buildPhases = (
				D666DFAB1E3AC4120035DBFD /* Sources */,
				D666DFAC1E3AC4120035DBFD /* Frameworks */,
				D666DFAD1E3AC4120035DBFD /* Resources */,
			);
			buildRules = (
			);
			dependencies = (
				D666DFB11E3AC4120035DBFD /* PBXTargetDependency */,
			);
			name = "斗鱼TVUITests";
			productName = "斗鱼TVUITests";
			productReference = D666DFAF1E3AC4120035DBFD /* 斗鱼TVUITests.xctest */;
			productType = "com.apple.product-type.bundle.ui-testing";
		};
/* End PBXNativeTarget section */

/* Begin PBXProject section */
		D666DF881E3AC4120035DBFD /* Project object */ = {
			isa = PBXProject;
			attributes = {
				LastSwiftUpdateCheck = 0810;
				LastUpgradeCheck = 0810;
				ORGANIZATIONNAME = liuyi;
				TargetAttributes = {
					D666DF8F1E3AC4120035DBFD = {
						CreatedOnToolsVersion = 8.1;
						DevelopmentTeam = Z7E635ANVA;
						ProvisioningStyle = Automatic;
					};
					D666DFA31E3AC4120035DBFD = {
						CreatedOnToolsVersion = 8.1;
						DevelopmentTeam = Z7E635ANVA;
						ProvisioningStyle = Automatic;
						TestTargetID = D666DF8F1E3AC4120035DBFD;
					};
					D666DFAE1E3AC4120035DBFD = {
						CreatedOnToolsVersion = 8.1;
						DevelopmentTeam = Z7E635ANVA;
						ProvisioningStyle = Automatic;
						TestTargetID = D666DF8F1E3AC4120035DBFD;
					};
				};
			};
			buildConfigurationList = D666DF8B1E3AC4120035DBFD /* Build configuration list for PBXProject "斗鱼TV" */;
			compatibilityVersion = "Xcode 3.2";
			developmentRegion = English;
			hasScannedForEncodings = 0;
			knownRegions = (
				en,
				Base,
			);
			mainGroup = D666DF871E3AC4120035DBFD;
			productRefGroup = D666DF911E3AC4120035DBFD /* Products */;
			projectDirPath = "";
			projectRoot = "";
			targets = (
				D666DF8F1E3AC4120035DBFD /* 斗鱼TV */,
				D666DFA31E3AC4120035DBFD /* 斗鱼TVTests */,
				D666DFAE1E3AC4120035DBFD /* 斗鱼TVUITests */,
			);
		};
/* End PBXProject section */

/* Begin PBXResourcesBuildPhase section */
		D666DF8E1E3AC4120035DBFD /* Resources */ = {
			isa = PBXResourcesBuildPhase;
			buildActionMask = 2147483647;
			files = (
				D611A32F1E3DFE42000CE916 /* tou.jpg in Resources */,
				D611A3241E3DFE42000CE916 /* tou.jpg in Resources */,
				D666DF9E1E3AC4120035DBFD /* LaunchScreen.storyboard in Resources */,
				D611A3351E3DFE42000CE916 /* tou.jpg in Resources */,
				D666DF9B1E3AC4120035DBFD /* Assets.xcassets in Resources */,
				D611A3311E3DFE42000CE916 /* tou.jpg in Resources */,
				D611A33B1E3DFE42000CE916 /* tou.jpg in Resources */,
				D611A33A1E3DFE42000CE916 /* tou.jpg in Resources */,
				D611A3411E3E0292000CE916 /* Live.storyboard in Resources */,
				D611A3361E3DFE42000CE916 /* tou.jpg in Resources */,
				D611A32D1E3DFE42000CE916 /* tou.jpg in Resources */,
				D611A3331E3DFE42000CE916 /* tou.jpg in Resources */,
				D666DF991E3AC4120035DBFD /* Main.storyboard in Resources */,
				D611A3381E3DFE42000CE916 /* tou.jpg in Resources */,
				D611A3301E3DFE42000CE916 /* tou.jpg in Resources */,
				D611A33E1E3E025B000CE916 /* Home.storyboard in Resources */,
				D611A3441E3E02D9000CE916 /* Follow.storyboard in Resources */,
				D611A3231E3DFE42000CE916 /* tou.jpg in Resources */,
				D611A3341E3DFE42000CE916 /* tou.jpg in Resources */,
				D611A32C1E3DFE42000CE916 /* tou.jpg in Resources */,
				D611A32A1E3DFE42000CE916 /* tou.jpg in Resources */,
				D611A3271E3DFE42000CE916 /* tou.jpg in Resources */,
				D611A3261E3DFE42000CE916 /* tou.jpg in Resources */,
				D611A3371E3DFE42000CE916 /* tou.jpg in Resources */,
				D611A3281E3DFE42000CE916 /* tou.jpg in Resources */,
				D611A32B1E3DFE42000CE916 /* tou.jpg in Resources */,
				D611A3471E3E0317000CE916 /* Profile.storyboard in Resources */,
				D611A3251E3DFE42000CE916 /* tou.jpg in Resources */,
				D611A32E1E3DFE42000CE916 /* tou.jpg in Resources */,
				D611A3391E3DFE42000CE916 /* tou.jpg in Resources */,
				D611A3321E3DFE42000CE916 /* tou.jpg in Resources */,
				D611A3291E3DFE42000CE916 /* tou.jpg in Resources */,
			);
			runOnlyForDeploymentPostprocessing = 0;
		};
		D666DFA21E3AC4120035DBFD /* Resources */ = {
			isa = PBXResourcesBuildPhase;
			buildActionMask = 2147483647;
			files = (
			);
			runOnlyForDeploymentPostprocessing = 0;
		};
		D666DFAD1E3AC4120035DBFD /* Resources */ = {
			isa = PBXResourcesBuildPhase;
			buildActionMask = 2147483647;
			files = (
			);
			runOnlyForDeploymentPostprocessing = 0;
		};
/* End PBXResourcesBuildPhase section */

/* Begin PBXShellScriptBuildPhase section */
		0CB9D9846B132E44B71BDCEA /* [CP] Embed Pods Frameworks */ = {
			isa = PBXShellScriptBuildPhase;
			buildActionMask = 2147483647;
			files = (
			);
			inputPaths = (
			);
			name = "[CP] Embed Pods Frameworks";
			outputPaths = (
			);
			runOnlyForDeploymentPostprocessing = 0;
			shellPath = /bin/sh;
			shellScript = "\"${SRCROOT}/Pods/Target Support Files/Pods-斗鱼TV/Pods-斗鱼TV-frameworks.sh\"\n";
			showEnvVarsInLog = 0;
		};
		7B79DE6703E051EBF24D3681 /* [CP] Check Pods Manifest.lock */ = {
			isa = PBXShellScriptBuildPhase;
			buildActionMask = 2147483647;
			files = (
			);
			inputPaths = (
			);
			name = "[CP] Check Pods Manifest.lock";
			outputPaths = (
			);
			runOnlyForDeploymentPostprocessing = 0;
			shellPath = /bin/sh;
			shellScript = "diff \"${PODS_ROOT}/../Podfile.lock\" \"${PODS_ROOT}/Manifest.lock\" > /dev/null\nif [ $? != 0 ] ; then\n    # print error to STDERR\n    echo \"error: The sandbox is not in sync with the Podfile.lock. Run 'pod install' or update your CocoaPods installation.\" >&2\n    exit 1\nfi\n";
			showEnvVarsInLog = 0;
		};
		FA02EBCC22F8162FD92D6CEB /* [CP] Copy Pods Resources */ = {
			isa = PBXShellScriptBuildPhase;
			buildActionMask = 2147483647;
			files = (
			);
			inputPaths = (
			);
			name = "[CP] Copy Pods Resources";
			outputPaths = (
			);
			runOnlyForDeploymentPostprocessing = 0;
			shellPath = /bin/sh;
			shellScript = "\"${SRCROOT}/Pods/Target Support Files/Pods-斗鱼TV/Pods-斗鱼TV-resources.sh\"\n";
			showEnvVarsInLog = 0;
		};
/* End PBXShellScriptBuildPhase section */

/* Begin PBXSourcesBuildPhase section */
		D666DF8C1E3AC4120035DBFD /* Sources */ = {
			isa = PBXSourcesBuildPhase;
			buildActionMask = 2147483647;
			files = (
				D60F1FC01E3F9CBE0084CA86 /* Common.swift in Sources */,
				D611A3511E3E16D4000CE916 /* UIBarButtonItem-Extension.swift in Sources */,
				D60F1FBE1E3F82940084CA86 /* MainController.swift in Sources */,
				D611A3541E3E18C0000CE916 /* HomeVC.swift in Sources */,
				D611A3521E3E16D4000CE916 /* UIColor-Extension.swift in Sources */,
				D666DF961E3AC4120035DBFD /* ViewController.swift in Sources */,
				D60F1FC21E3F9E4A0084CA86 /* PageTitleView.swift in Sources */,
				D611A3501E3E16D4000CE916 /* NSDate-Extension.swift in Sources */,
				D666DF941E3AC4120035DBFD /* AppDelegate.swift in Sources */,
			);
			runOnlyForDeploymentPostprocessing = 0;
		};
		D666DFA01E3AC4120035DBFD /* Sources */ = {
			isa = PBXSourcesBuildPhase;
			buildActionMask = 2147483647;
			files = (
				D666DFA91E3AC4120035DBFD /* __TVTests.swift in Sources */,
			);
			runOnlyForDeploymentPostprocessing = 0;
		};
		D666DFAB1E3AC4120035DBFD /* Sources */ = {
			isa = PBXSourcesBuildPhase;
			buildActionMask = 2147483647;
			files = (
				D666DFB41E3AC4120035DBFD /* __TVUITests.swift in Sources */,
			);
			runOnlyForDeploymentPostprocessing = 0;
		};
/* End PBXSourcesBuildPhase section */

/* Begin PBXTargetDependency section */
		D666DFA61E3AC4120035DBFD /* PBXTargetDependency */ = {
			isa = PBXTargetDependency;
			target = D666DF8F1E3AC4120035DBFD /* 斗鱼TV */;
			targetProxy = D666DFA51E3AC4120035DBFD /* PBXContainerItemProxy */;
		};
		D666DFB11E3AC4120035DBFD /* PBXTargetDependency */ = {
			isa = PBXTargetDependency;
			target = D666DF8F1E3AC4120035DBFD /* 斗鱼TV */;
			targetProxy = D666DFB01E3AC4120035DBFD /* PBXContainerItemProxy */;
		};
/* End PBXTargetDependency section */

/* Begin PBXVariantGroup section */
		D611A33C1E3E025B000CE916 /* Home.storyboard */ = {
			isa = PBXVariantGroup;
			children = (
				D611A33D1E3E025B000CE916 /* Base */,
			);
			name = Home.storyboard;
			path = ../../Main;
			sourceTree = "<group>";
		};
		D611A33F1E3E0292000CE916 /* Live.storyboard */ = {
			isa = PBXVariantGroup;
			children = (
				D611A3401E3E0292000CE916 /* Base */,
			);
			name = Live.storyboard;
			path = ../Main;
			sourceTree = "<group>";
		};
		D611A3421E3E02D9000CE916 /* Follow.storyboard */ = {
			isa = PBXVariantGroup;
			children = (
				D611A3431E3E02D9000CE916 /* Base */,
			);
			name = Follow.storyboard;
			path = ../Main;
			sourceTree = "<group>";
		};
		D611A3451E3E0317000CE916 /* Profile.storyboard */ = {
			isa = PBXVariantGroup;
			children = (
				D611A3461E3E0317000CE916 /* Base */,
			);
			name = Profile.storyboard;
			path = ../Main;
			sourceTree = "<group>";
		};
		D666DF971E3AC4120035DBFD /* Main.storyboard */ = {
			isa = PBXVariantGroup;
			children = (
				D666DF981E3AC4120035DBFD /* Base */,
			);
			name = Main.storyboard;
			path = ../..;
			sourceTree = "<group>";
		};
		D666DF9C1E3AC4120035DBFD /* LaunchScreen.storyboard */ = {
			isa = PBXVariantGroup;
			children = (
				D666DF9D1E3AC4120035DBFD /* Base */,
			);
			name = LaunchScreen.storyboard;
			sourceTree = "<group>";
		};
/* End PBXVariantGroup section */

/* Begin XCBuildConfiguration section */
		D666DFB61E3AC4120035DBFD /* Debug */ = {
			isa = XCBuildConfiguration;
			buildSettings = {
				ALWAYS_SEARCH_USER_PATHS = NO;
				CLANG_ANALYZER_NONNULL = YES;
				CLANG_CXX_LANGUAGE_STANDARD = "gnu++0x";
				CLANG_CXX_LIBRARY = "libc++";
				CLANG_ENABLE_MODULES = YES;
				CLANG_ENABLE_OBJC_ARC = YES;
				CLANG_WARN_BOOL_CONVERSION = YES;
				CLANG_WARN_CONSTANT_CONVERSION = YES;
				CLANG_WARN_DIRECT_OBJC_ISA_USAGE = YES_ERROR;
				CLANG_WARN_DOCUMENTATION_COMMENTS = YES;
				CLANG_WARN_EMPTY_BODY = YES;
				CLANG_WARN_ENUM_CONVERSION = YES;
				CLANG_WARN_INFINITE_RECURSION = YES;
				CLANG_WARN_INT_CONVERSION = YES;
				CLANG_WARN_OBJC_ROOT_CLASS = YES_ERROR;
				CLANG_WARN_SUSPICIOUS_MOVES = YES;
				CLANG_WARN_UNREACHABLE_CODE = YES;
				CLANG_WARN__DUPLICATE_METHOD_MATCH = YES;
				"CODE_SIGN_IDENTITY[sdk=iphoneos*]" = "iPhone Developer";
				COPY_PHASE_STRIP = NO;
				DEBUG_INFORMATION_FORMAT = dwarf;
				ENABLE_STRICT_OBJC_MSGSEND = YES;
				ENABLE_TESTABILITY = YES;
				GCC_C_LANGUAGE_STANDARD = gnu99;
				GCC_DYNAMIC_NO_PIC = NO;
				GCC_NO_COMMON_BLOCKS = YES;
				GCC_OPTIMIZATION_LEVEL = 0;
				GCC_PREPROCESSOR_DEFINITIONS = (
					"DEBUG=1",
					"$(inherited)",
				);
				GCC_WARN_64_TO_32_BIT_CONVERSION = YES;
				GCC_WARN_ABOUT_RETURN_TYPE = YES_ERROR;
				GCC_WARN_UNDECLARED_SELECTOR = YES;
				GCC_WARN_UNINITIALIZED_AUTOS = YES_AGGRESSIVE;
				GCC_WARN_UNUSED_FUNCTION = YES;
				GCC_WARN_UNUSED_VARIABLE = YES;
				IPHONEOS_DEPLOYMENT_TARGET = 10.1;
				MTL_ENABLE_DEBUG_INFO = YES;
				ONLY_ACTIVE_ARCH = YES;
				SDKROOT = iphoneos;
				SWIFT_ACTIVE_COMPILATION_CONDITIONS = DEBUG;
				SWIFT_OPTIMIZATION_LEVEL = "-Onone";
				TARGETED_DEVICE_FAMILY = "1,2";
			};
			name = Debug;
		};
		D666DFB71E3AC4120035DBFD /* Release */ = {
			isa = XCBuildConfiguration;
			buildSettings = {
				ALWAYS_SEARCH_USER_PATHS = NO;
				CLANG_ANALYZER_NONNULL = YES;
				CLANG_CXX_LANGUAGE_STANDARD = "gnu++0x";
				CLANG_CXX_LIBRARY = "libc++";
				CLANG_ENABLE_MODULES = YES;
				CLANG_ENABLE_OBJC_ARC = YES;
				CLANG_WARN_BOOL_CONVERSION = YES;
				CLANG_WARN_CONSTANT_CONVERSION = YES;
				CLANG_WARN_DIRECT_OBJC_ISA_USAGE = YES_ERROR;
				CLANG_WARN_DOCUMENTATION_COMMENTS = YES;
				CLANG_WARN_EMPTY_BODY = YES;
				CLANG_WARN_ENUM_CONVERSION = YES;
				CLANG_WARN_INFINITE_RECURSION = YES;
				CLANG_WARN_INT_CONVERSION = YES;
				CLANG_WARN_OBJC_ROOT_CLASS = YES_ERROR;
				CLANG_WARN_SUSPICIOUS_MOVES = YES;
				CLANG_WARN_UNREACHABLE_CODE = YES;
				CLANG_WARN__DUPLICATE_METHOD_MATCH = YES;
				"CODE_SIGN_IDENTITY[sdk=iphoneos*]" = "iPhone Developer";
				COPY_PHASE_STRIP = NO;
				DEBUG_INFORMATION_FORMAT = "dwarf-with-dsym";
				ENABLE_NS_ASSERTIONS = NO;
				ENABLE_STRICT_OBJC_MSGSEND = YES;
				GCC_C_LANGUAGE_STANDARD = gnu99;
				GCC_NO_COMMON_BLOCKS = YES;
				GCC_WARN_64_TO_32_BIT_CONVERSION = YES;
				GCC_WARN_ABOUT_RETURN_TYPE = YES_ERROR;
				GCC_WARN_UNDECLARED_SELECTOR = YES;
				GCC_WARN_UNINITIALIZED_AUTOS = YES_AGGRESSIVE;
				GCC_WARN_UNUSED_FUNCTION = YES;
				GCC_WARN_UNUSED_VARIABLE = YES;
				IPHONEOS_DEPLOYMENT_TARGET = 10.1;
				MTL_ENABLE_DEBUG_INFO = NO;
				SDKROOT = iphoneos;
				SWIFT_OPTIMIZATION_LEVEL = "-Owholemodule";
				TARGETED_DEVICE_FAMILY = "1,2";
				VALIDATE_PRODUCT = YES;
			};
			name = Release;
		};
		D666DFB91E3AC4120035DBFD /* Debug */ = {
			isa = XCBuildConfiguration;
			baseConfigurationReference = 7903866D02B8D3974513C8E8 /* Pods-斗鱼TV.debug.xcconfig */;
			buildSettings = {
				ASSETCATALOG_COMPILER_APPICON_NAME = AppIcon;
				DEVELOPMENT_TEAM = Z7E635ANVA;
				INFOPLIST_FILE = "斗鱼TV/Info.plist";
				IPHONEOS_DEPLOYMENT_TARGET = 8.0;
				LD_RUNPATH_SEARCH_PATHS = "$(inherited) @executable_path/Frameworks";
				PRODUCT_BUNDLE_IDENTIFIER = "com.xiaozhi.--TV";
				PRODUCT_NAME = "$(TARGET_NAME)";
				SWIFT_VERSION = 3.0;
			};
			name = Debug;
		};
		D666DFBA1E3AC4120035DBFD /* Release */ = {
			isa = XCBuildConfiguration;
			baseConfigurationReference = 72BEC5094B465522DB540C87 /* Pods-斗鱼TV.release.xcconfig */;
			buildSettings = {
				ASSETCATALOG_COMPILER_APPICON_NAME = AppIcon;
				DEVELOPMENT_TEAM = Z7E635ANVA;
				INFOPLIST_FILE = "斗鱼TV/Info.plist";
				IPHONEOS_DEPLOYMENT_TARGET = 8.0;
				LD_RUNPATH_SEARCH_PATHS = "$(inherited) @executable_path/Frameworks";
				PRODUCT_BUNDLE_IDENTIFIER = "com.xiaozhi.--TV";
				PRODUCT_NAME = "$(TARGET_NAME)";
				SWIFT_VERSION = 3.0;
			};
			name = Release;
		};
		D666DFBC1E3AC4120035DBFD /* Debug */ = {
			isa = XCBuildConfiguration;
			buildSettings = {
				ALWAYS_EMBED_SWIFT_STANDARD_LIBRARIES = YES;
				BUNDLE_LOADER = "$(TEST_HOST)";
				DEVELOPMENT_TEAM = Z7E635ANVA;
				INFOPLIST_FILE = "斗鱼TVTests/Info.plist";
				LD_RUNPATH_SEARCH_PATHS = "$(inherited) @executable_path/Frameworks @loader_path/Frameworks";
				PRODUCT_BUNDLE_IDENTIFIER = "com.xiaozhi.--TVTests";
				PRODUCT_NAME = "$(TARGET_NAME)";
				SWIFT_VERSION = 3.0;
				TEST_HOST = "$(BUILT_PRODUCTS_DIR)/斗鱼TV.app/斗鱼TV";
			};
			name = Debug;
		};
		D666DFBD1E3AC4120035DBFD /* Release */ = {
			isa = XCBuildConfiguration;
			buildSettings = {
				ALWAYS_EMBED_SWIFT_STANDARD_LIBRARIES = YES;
				BUNDLE_LOADER = "$(TEST_HOST)";
				DEVELOPMENT_TEAM = Z7E635ANVA;
				INFOPLIST_FILE = "斗鱼TVTests/Info.plist";
				LD_RUNPATH_SEARCH_PATHS = "$(inherited) @executable_path/Frameworks @loader_path/Frameworks";
				PRODUCT_BUNDLE_IDENTIFIER = "com.xiaozhi.--TVTests";
				PRODUCT_NAME = "$(TARGET_NAME)";
				SWIFT_VERSION = 3.0;
				TEST_HOST = "$(BUILT_PRODUCTS_DIR)/斗鱼TV.app/斗鱼TV";
			};
			name = Release;
		};
		D666DFBF1E3AC4120035DBFD /* Debug */ = {
			isa = XCBuildConfiguration;
			buildSettings = {
				ALWAYS_EMBED_SWIFT_STANDARD_LIBRARIES = YES;
				DEVELOPMENT_TEAM = Z7E635ANVA;
				INFOPLIST_FILE = "斗鱼TVUITests/Info.plist";
				LD_RUNPATH_SEARCH_PATHS = "$(inherited) @executable_path/Frameworks @loader_path/Frameworks";
				PRODUCT_BUNDLE_IDENTIFIER = "com.xiaozhi.--TVUITests";
				PRODUCT_NAME = "$(TARGET_NAME)";
				SWIFT_VERSION = 3.0;
				TEST_TARGET_NAME = "斗鱼TV";
			};
			name = Debug;
		};
		D666DFC01E3AC4120035DBFD /* Release */ = {
			isa = XCBuildConfiguration;
			buildSettings = {
				ALWAYS_EMBED_SWIFT_STANDARD_LIBRARIES = YES;
				DEVELOPMENT_TEAM = Z7E635ANVA;
				INFOPLIST_FILE = "斗鱼TVUITests/Info.plist";
				LD_RUNPATH_SEARCH_PATHS = "$(inherited) @executable_path/Frameworks @loader_path/Frameworks";
				PRODUCT_BUNDLE_IDENTIFIER = "com.xiaozhi.--TVUITests";
				PRODUCT_NAME = "$(TARGET_NAME)";
				SWIFT_VERSION = 3.0;
				TEST_TARGET_NAME = "斗鱼TV";
			};
			name = Release;
		};
/* End XCBuildConfiguration section */

/* Begin XCConfigurationList section */
		D666DF8B1E3AC4120035DBFD /* Build configuration list for PBXProject "斗鱼TV" */ = {
			isa = XCConfigurationList;
			buildConfigurations = (
				D666DFB61E3AC4120035DBFD /* Debug */,
				D666DFB71E3AC4120035DBFD /* Release */,
			);
			defaultConfigurationIsVisible = 0;
			defaultConfigurationName = Release;
		};
		D666DFB81E3AC4120035DBFD /* Build configuration list for PBXNativeTarget "斗鱼TV" */ = {
			isa = XCConfigurationList;
			buildConfigurations = (
				D666DFB91E3AC4120035DBFD /* Debug */,
				D666DFBA1E3AC4120035DBFD /* Release */,
			);
			defaultConfigurationIsVisible = 0;
			defaultConfigurationName = Release;
		};
		D666DFBB1E3AC4120035DBFD /* Build configuration list for PBXNativeTarget "斗鱼TVTests" */ = {
			isa = XCConfigurationList;
			buildConfigurations = (
				D666DFBC1E3AC4120035DBFD /* Debug */,
				D666DFBD1E3AC4120035DBFD /* Release */,
			);
			defaultConfigurationIsVisible = 0;
			defaultConfigurationName = Release;
		};
		D666DFBE1E3AC4120035DBFD /* Build configuration list for PBXNativeTarget "斗鱼TVUITests" */ = {
			isa = XCConfigurationList;
			buildConfigurations = (
				D666DFBF1E3AC4120035DBFD /* Debug */,
				D666DFC01E3AC4120035DBFD /* Release */,
			);
			defaultConfigurationIsVisible = 0;
			defaultConfigurationName = Release;
		};
/* End XCConfigurationList section */
	};
	rootObject = D666DF881E3AC4120035DBFD /* Project object */;
}
